lockfileVersion: '9.0'

settings:
  autoInstallPeers: false
  excludeLinksFromLockfile: false

importers:

  .:
    dependencies:
      '@lanbaolu/dsh-wechat-bridge':
        specifier: 0.9.1
        version: 0.9.1(@deepseek-ai/schemastery@3.18.4)
      '@local/dsh-plugin-goat-panel':
        specifier: file:D:/Toolbox/goat-gateway/dsh-plugin-goat-panel
        version: file:D:/Toolbox/goat-gateway/dsh-plugin-goat-panel
      '@mingozhou/dsh-replay':
        specifier: ^0.4.1
        version: 0.4.1
      ds-harness-remote:
        specifier: ^0.4.20
        version: 0.4.20
      dsh-deja:
        specifier: ^0.21.3
        version: 0.21.3
      dsh-headroom:
        specifier: git+https://github.com/giter00/dsh-headroom.git
        version: git+https://github.com/giter00/dsh-headroom.git#ca5de630fd9a4be1b0e0f900cc3260f52052019d
      dsh-mnemon:
        specifier: ^0.5.20
        version: 0.5.20
      dsh-plugin-local-search:
        specifier: link:D:/Toolbox/goat-gateway/dsh-plugin-local-search
        version: link:D:/Toolbox/goat-gateway/dsh-plugin-local-search
      dshmarket:
        specifier: ^1.66.6
        version: 1.66.6(@deepseek-ai/schemastery@3.18.4)

packages:

  '@deepseek-ai/cosmokit@1.8.5':
    resolution: {integrity: sha512-LXsrlem9z8dq4sLflj2yuCuYX7KqhdzF5hZly3eZyuTo8d6oDSOXuEgC5DbQWKW+lksm6zmOutQLsP/ma6wR6A==}

  '@deepseek-ai/schemastery@3.18.4':
    resolution: {integrity: sha512-SSXO6tYuyrIqKVbmOnIq0s+riUywYzouFMcnBluHF9n4KMo2G8HvEzhCYj6pj2617/glOjbJuVInJ9hfONsjkg==}

  '@fidm/asn1@1.0.4':
    resolution: {integrity: sha512-esd1jyNvRb2HVaQGq2Gg8Z0kbQPXzV9Tq5Z14KNIov6KfFD6PTaRIO8UpcsYiTNzOqJpmyzWgVTrUwFV3UF4TQ==}
    engines: {node: '>= 8'}

  '@fidm/x509@1.2.1':
    resolution: {integrity: sha512-nwc2iesjyc9hkuzcrMCBXQRn653XuAUKorfWM8PZyJawiy1QzLj4vahwzaI25+pfpwOLvMzbJ0uKpWLDNmo16w==}
    engines: {node: '>= 8'}

  '@lanbaolu/dsh-wechat-bridge@0.9.1':
    resolution: {integrity: sha512-MSN2Q47yqWQSJcuPsgf90WDFtmzdg9SX4htfisdeqw2GbCJkM/OCmMCNK0xbPDZUW1wOKyRCrtkVCLTOKd4UmQ==}
    engines: {node: '>=18'}
    peerDependencies:
      '@deepseek-ai/cordis': ^4.0.1
      '@deepseek-ai/dsh-agent': ^0.1.0-rc.6
      '@deepseek-ai/dsh-agent-default-model': ^0.1.0-rc.6
      '@deepseek-ai/dsh-client-runtime': ^0.1.0-rc.6
      '@deepseek-ai/dsh-client-ui-settings': ^0.1.0-rc.6
      '@deepseek-ai/dsh-client-ui-slots': ^0.1.0-rc.6
      '@deepseek-ai/dsh-llm': ^0.1.0-rc.6
      '@deepseek-ai/dsh-session': ^0.1.0-rc.6
      '@deepseek-ai/dsh-tools': ^0.1.0-rc.6
      '@deepseek-ai/dsh-workspace': ^0.1.0-rc.6
      '@deepseek-ai/schemastery': ^3.18.1

  '@leichtgewicht/ip-codec@2.0.5':
    resolution: {integrity: sha512-Vo+PSpZG2/fmgmiNzYK9qWRh8h/CHrwD0mo1h1DzL4yzHNSfWYujGTYsWGreD000gcgmZ7K4Ys6Tx9TxtsKdDw==}

  '@local/dsh-plugin-goat-panel@file:D:/Toolbox/goat-gateway/dsh-plugin-goat-panel':
    resolution: {directory: D:/Toolbox/goat-gateway/dsh-plugin-goat-panel, type: directory}

  '@mingozhou/dsh-replay@0.4.1':
    resolution: {integrity: sha512-L2Kk4JmD4UubPVxMLrEfdpPnbytn4tASR+xLuyrXQhj5CvfYBwiUTRvaXASushW/Te0hJeQ2mS9n0OpJ7cu8rA==}
    peerDependencies:
      '@deepseek-ai/cordis': '*'
      '@deepseek-ai/dsh-host-webserver': '*'
      '@deepseek-ai/dsh-session-query': '*'
      react: ^18.2.0
    peerDependenciesMeta:
      '@deepseek-ai/cordis':
        optional: true
      '@deepseek-ai/dsh-host-webserver':
        optional: true
      '@deepseek-ai/dsh-session-query':
        optional: true
      react:
        optional: true

  '@noble/curves@1.8.1':
    resolution: {integrity: sha512-warwspo+UYUPep0Q+vtdVB4Ugn8GGQj8iyB3gnRWsztmUHTI3S1nhdiWNsPUGL0vud7JlRRk1XEu7Lq1KGTnMQ==}
    engines: {node: ^14.21.3 || >=16}

  '@noble/hashes@1.7.1':
    resolution: {integrity: sha512-B8XBPsn4vT/KJAGqDzbwztd+6Yte3P4V7iafm24bxgDe/mlRuK6xmWPuCNrKt2vDafZ8MfJLlchDG/vYafQEjQ==}
    engines: {node: ^14.21.3 || >=16}

  '@peculiar/asn1-cms@2.9.5':
    resolution: {integrity: sha512-4Ivz0fsyFofe0bslNsYcGN9+iETdHX4v+BFwIPr+K/BAt61sHXECP63ff9FntU9zcfVQELJFdUG9so44OjUlBQ==}
    engines: {node: '>=14'}

  '@peculiar/asn1-csr@2.9.5':
    resolution: {integrity: sha512-9dO6PcoJeI+1xJ4rG7eINMa6f9Ix/QdRs5UGZ0D7v/R3TzmsbVr5cqAgfYw4xgS9U54ouHYqEz0bIZBbM/UY1g==}
    engines: {node: '>=14'}

  '@peculiar/asn1-ecc@2.9.5':
    resolution: {integrity: sha512-OD+HLlcV7wCL64w0rheX/C0J31DbJce0nf8ulv3UNftQ617JEZE3sQ4cMN6PotXWlJ1M5GQx90G3bywtdKOstw==}
    engines: {node: '>=14'}

  '@peculiar/asn1-pfx@2.9.5':
    resolution: {integrity: sha512-btcH7lbcD4410qnjHvv7F0kEuMNKbX8CFAZSs9CDPWHKzT1byLPHYeR40AnUw9z4CzsijMY0daBFYUvVx75sdA==}
    engines: {node: '>=14'}

  '@peculiar/asn1-pkcs8@2.9.5':
    resolution: {integrity: sha512-c7UghAGQdBfAHL9JdwcJkAc/lDJKNXfCdYXPXlf8BZdD/fVJjJnXKHxX4gyLhkFTvnGhME7caieSgc2ROtqYTQ==}
    engines: {node: '>=14'}

  '@peculiar/asn1-pkcs9@2.9.5':
    resolution: {integrity: sha512-4R/zMgLSHbQIZRBwP1KzX6iuNHmW3xFWwu9TS9A00N60fmQqp9DkkqnQFyd0mAYMQTrQefuzQ/yP4U8sOLGUgQ==}
    engines: {node: '>=14'}

  '@peculiar/asn1-rsa@2.9.5':
    resolution: {integrity: sha512-kHwBLVMkm9ljlM521ovS7y4z4mr8xuHTdNyyoPlDvckBwFKSgs9HqKBryLBeqHqL2YpIgl+Vspl7kzNGG2phzA==}
    engines: {node: '>=14'}

  '@peculiar/asn1-schema@2.9.5':
    resolution: {integrity: sha512-Ez3wLKVjaxdsLcgeWN4OE31QkM7oBOgKuuBJxldRYAkfYw2C+8zJPcSd/SThnbhszsEOlAmoaS5kIIkN29fGKQ==}
    engines: {node: '>=14'}

  '@peculiar/asn1-x509-attr@2.9.5':
    resolution: {integrity: sha512-PlbL1a74RZiry7puPCZ5hdk/puvivxYJPbjadr2i7DBjHCJFEKCfTRPKL3DILeZFtzJjn95J5EBtSc4/TB9/6Q==}
    engines: {node: '>=14'}

  '@peculiar/asn1-x509@2.9.5':
    resolution: {integrity: sha512-NP3ecvN6zTDlwCvogIWL7MJN9AZNuskkIbnlhrlkB97Mn2EqirBUQ8GKzsOmdAL3pRvjGu1Uk/a4DNfiZrWxhw==}
    engines: {node: '>=14'}

  '@peculiar/utils@2.0.3':
    resolution: {integrity: sha512-+oL3HPFRIZ1St2K50lWCXiioIgSoxzz7R1J3uF6neO2yl1sgmpgY6XXJH4BdpoDkMWznQTeYF6oWNDZLCdQ4eQ==}

  '@peculiar/x509@1.14.3':
    resolution: {integrity: sha512-C2Xj8FZ0uHWeCXXqX5B4/gVFQmtSkiuOolzAgutjTfseNOHT3pUjljDZsTSxXFGgio54bCzVFqmEOUrIVk8RDA==}
    engines: {node: '>=20.0.0'}

  '@roamhq/wrtc-darwin-arm64@0.10.0':
    resolution: {integrity: sha512-vFdi79jWuPHcnUcnuOjTvyKtmY/RI2xRQo9Y6RsIjIlYePN/7LTy00c+Ivrz4prYAPbp0oHscl7PDV64VUqGTQ==}
    cpu: [arm64]
    os: [darwin]

  '@roamhq/wrtc-darwin-x64@0.10.0':
    resolution: {integrity: sha512-H6852g2xYCuaR+/TrthpdMafs4bMfAUEpvRDhsIguzrK7Dz+MKpNI8MkwdqJN8W65J+7w7k+YqXIkTHe7Fz/cg==}
    cpu: [x64]
    os: [darwin]

  '@roamhq/wrtc-linux-arm64@0.10.0':
    resolution: {integrity: sha512-fEuJbNjprxQG6QlFd2iqBW9x028RDSho6izVg7gyt8irdPiXWOxzOxNnYMs/B2fohBTd1wD4Qxfivl07/dCR8A==}
    cpu: [arm64]
    os: [linux]

  '@roamhq/wrtc-linux-x64@0.10.0':
    resolution: {integrity: sha512-H32lK2eFg3sVb/9nkHIX5HIisxFoS82Gpesuea+zqAyRpRzSd5NpFXx28bVy9wQyRrNtj8k0bTUgEzWRzSbYCA==}
    cpu: [x64]
    os: [linux]

  '@roamhq/wrtc-win32-x64@0.10.0':
    resolution: {integrity: sha512-wEVXMvLrBizdLyrd+Zc7zb7zpwUuHUBXwrdIvI69e3i/AA8YsVYI2xo/sxk6GoQ+o8a14ONc4SStDS35TCjg+w==}
    cpu: [x64]
    os: [win32]

  '@roamhq/wrtc@0.10.0':
    resolution: {integrity: sha512-yFqQQ0EV1ZUHaphh3tmjoxPi2wzhW2vjmzoAVNRRLUjXYd2e1nvwi9TKfE2w4WNvNws/hBkouvOt23Xo9FkXkQ==}

  '@shinyoshiaki/binary-data@0.6.1':
    resolution: {integrity: sha512-7HDb/fQAop2bCmvDIzU5+69i+UJaFgIVp99h1VzK1mpg1JwSODOkjbqD7ilTYnqlnadF8C4XjpwpepxDsGY6+w==}
    engines: {node: '>=6'}

  '@standard-schema/spec@1.1.0':
    resolution: {integrity: sha512-l2aFy5jALhniG5HgqrD6jXLi/rUWrKvqN/qJx6yoJsgKhblVd+iqqU4RCXavm/jPityDo5TCvKMnpjKnOriy0w==}

  '@types/dom-mediacapture-transform@0.1.12':
    resolution: {integrity: sha512-d7/QsLRwF864A5mgIM/YrfiglHoYn7zgCcAoJgW404r+2DwnNr7EBbLnCWpmOMgH8y0te73L1AV6H1bmauaWFw==}

  '@types/dom-webcodecs@0.1.13':
    resolution: {integrity: sha512-O5hkiFIcjjszPIYyUSyvScyvrBoV3NOEEZx/pMlsu44TKzWNkLVBBxnxJz42in5n3QIolYOcBYFCPZZ0h8SkwQ==}

  '@types/dom-webcodecs@0.1.19':
    resolution: {integrity: sha512-+yFUIDUaASFz0vQpWBErPxun/Lb+F0TdrlTsj50gm7K797YzEx2TmV6fEiwciHyFNghlZYPgQXH5qRcwMHcJFQ==}

  '@vshulcz/deja-vu-darwin-amd64@0.21.3':
    resolution: {integrity: sha512-GqGwCG75+Bh8e2ksVLcHGhse+x1lxfqWJ+MLJgJccjtWGemRfzFwjSt3Hn76MtG3cONHayAsxr/0zyZ2U2q3TQ==}
    cpu: [x64]
    os: [darwin]

  '@vshulcz/deja-vu-darwin-arm64@0.21.3':
    resolution: {integrity: sha512-jMBe+uwoQ6+5Xjb9Bh8G3VWpDjWx5Rv3TxC47w4QuwrcGVFCkfasnwRlrK6JNBUEIplCV1/Yab+N7K3AvP32GQ==}
    cpu: [arm64]
    os: [darwin]

  '@vshulcz/deja-vu-linux-amd64@0.21.3':
    resolution: {integrity: sha512-wYcpRSqCa3SSYv7jgo1d5UemGX0x177JkcgU82uVRas7laPElFk2YXw9XA4v76oh9+2rZvx4+7hgfakwnqTFkA==}
    cpu: [x64]
    os: [linux]

  '@vshulcz/deja-vu-linux-arm64@0.21.3':
    resolution: {integrity: sha512-SWybFIY3pxW94cgIYKSG3DG5RNhUGNhq5+oaTq6AKda7/GDihHT9A1G0rC6kSDIu+MG5fm4GYkdz8HdlD0tgjw==}
    cpu: [arm64]
    os: [linux]

  '@vshulcz/deja-vu-windows-amd64@0.21.3':
    resolution: {integrity: sha512-1Pj1ADsHsqbsWtVTy7ZI5AqPNODSFjJ8kgx7xdN1bawIPE9f9R5WiHPhMgWH00UncO5aCCex/FUAAZPwsBAK/w==}
    cpu: [x64]
    os: [win32]

  '@vshulcz/deja-vu-windows-arm64@0.21.3':
    resolution: {integrity: sha512-8Kl0M/Mi1VQ9c3QctCBN7jUw3ZquENNLpUBeNKosXCYD6rabkXiTEElCdpRYWCgHeMi/slvEcYGwGm3n1jUhvA==}
    cpu: [arm64]
    os: [win32]

  '@vshulcz/deja-vu@0.21.3':
    resolution: {integrity: sha512-BcbSzSFTYpBPnROG4Vcqc+QASVSce6ruJyuIlcEp0iIvMNcTPF1Yrg4XbV24KbkEa/WbeJrLwacAcewiySXwvg==}
    engines: {node: '>=18'}
    hasBin: true

  ansi-regex@5.0.0:
    resolution: {integrity: sha512-bY6fj56OUQ0hU1KjFNDQuJFezqKdrAyFdIevADiqrWHwSlbmBNMHp5ak2f40Pm8JTFyM2mqxkG6ngkHO11f/lg==}
    engines: {node: '>=8'}

  ansi-styles@4.0.0:
    resolution: {integrity: sha512-8zjUtFJ3db/QoPXuuEMloS2AUf79/yeyttJ7Abr3hteopJu9HK8vsgGviGUMq+zyA6cZZO6gAyZoMTF6TgaEjA==}
    engines: {node: '>=8'}

  argparse@2.0.1:
    resolution: {integrity: sha512-8+9WqebbFzpX9OR+Wa6O29asIogeRMzcGtAINdpMHHyAg10f05aSFVBbcEqGf/PXw1EjAZ+q2/bEBg3DvurK3Q==}

  asn1js@3.0.10:
    resolution: {integrity: sha512-S2s3aOytiKdFRdulw2qPE51MzjzVOisppcVv7jVFR+Kw0kxwvFrDcYA0h7Ndqbmj0HkMIXYWaoj7fli8kgx1eg==}
    engines: {node: '>=12.0.0'}

  base64-js@1.5.1:
    resolution: {integrity: sha512-AKpaYlHn8t4SVbOHCy+b5+KKgvR4vrsD8vbvrbiQJps7fKDTkjkDry6ji0rUJjC0kzbNePLwzxq8iypo41qeWA==}

  buffer@6.0.3:
    resolution: {integrity: sha512-FTiCpNxtwiZZHEZbcbTIcZjERVICn9yq/pDFkTl95/AxzD1naBctN7YO68riM/gLSDY7sdrMby8hofADYuuqOA==}

  camelcase@5.3.1:
    resolution: {integrity: sha512-L28STB170nwWS63UjtlEOE3dldQApaJXZkOI1uMFfzf3rRuPegHaHesyee+YxQ+W6SvRDQV6UrdOdRiR153wJg==}
    engines: {node: '>=6'}

  cliui@6.0.0:
    resolution: {integrity: sha512-t6wbgtoCXvAzst7QgXxJYqPt0usEfbgQdftEPbLL/cvv6HPE5VgvqCuAIDR0NgU52ds6rFwqrgakNLrHEjCbrQ==}

  color-convert@2.0.1:
    resolution: {integrity: sha512-RRECPsj7iu/xb5oKYcsFHSppFNnsj/52OVTRKb4zP5onXwVF3zVmmToNcOfGC+CRDpfK/U584fMg38ZHCaElKQ==}
    engines: {node: '>=7.0.0'}

  color-name@1.1.4:
    resolution: {integrity: sha512-dOy+3AuW3a2wNbZHIuMZpTcgjGuLU/uBL/ubcZF9OXbDo8ff4O8yVp5Bf0efS8uEoYo5q4Fx7dY9OgQGXgAsQA==}

  debug@4.4.0:
    resolution: {integrity: sha512-6WTZ/IxCY/T6BALoZHaE4ctp9xm+Z5kY/pzYaCHRFeyVhojxlrm+46y68HA6hr0TcwEssoxNiDEUJQjfPZ/RYA==}
    engines: {node: '>=6.0'}
    peerDependencies:
      supports-color: '*'
    peerDependenciesMeta:
      supports-color:
        optional: true

  decamelize@1.2.0:
    resolution: {integrity: sha512-z2S+W9X73hAUUki+N+9Za2lBlun89zigOyGrsax+KUQ6wKW4ZoWpEYBkGhQjwAjjDCkWxhY0VKEhk8wzY7F5cA==}
    engines: {node: '>=0.10.0'}

  dijkstrajs@1.0.3:
    resolution: {integrity: sha512-qiSlmBq9+BCdCA/L46dw8Uy93mloxsPSbwnm5yrKn2vMPiy8KyAskTF6zuV/j5BMsmOGZDPs7KjU+mjb670kfA==}

  dns-packet@5.6.1:
    resolution: {integrity: sha512-l4gcSouhcgIKRvyy99RNVOgxXiicE+2jZoNmaNmZ6JXiGajBOJAesk1OBlJuM5k2c+eudGdLxDqXuPCKIj6kpw==}
    engines: {node: '>=6'}

  domexception@4.0.0:
    resolution: {integrity: sha512-A2is4PLG+eeSfoTMA95/s4pvAoSo2mKtiM5jlHkAVewmiO8ISFTFKZjH7UAM1Atli/OT/7JHOrJRJiMKUZKYBw==}
    engines: {node: '>=12'}
    deprecated: Use your platform's native DOMException instead

  ds-harness-remote@0.4.20:
    resolution: {integrity: sha512-Aeq0o8SrK+SEA0WIqtSnoMJYKAvnCN2SIv47ucPLHyVCeRr9z5L2eayk8mrl0SJWMu/8h/L8L6RlsC2sbuU3rg==}
    hasBin: true
    peerDependencies:
      '@deepseek-ai/cordis': '>=4.0.1 <5'
      '@deepseek-ai/dsh-api-gateway': '>=0.1.1-rc.2 <0.1.2 || >=0.1.2-alpha.1 <=0.1.2-rc.1 || >=0.1.5-alpha.1'
      '@deepseek-ai/dsh-client-connection': '>=0.1.1-rc.2 <0.1.2 || >=0.1.2-alpha.1 <=0.1.2-rc.1 || >=0.1.5-alpha.1'
      '@deepseek-ai/dsh-client-locale': '>=0.1.1-rc.2 <0.1.2 || >=0.1.2-alpha.1 <=0.1.2-rc.1 || >=0.1.5-alpha.1'
      '@deepseek-ai/dsh-client-ui-plugin-manager': '>=0.1.6-alpha.1'
      '@deepseek-ai/dsh-client-ui-settings': '>=0.1.1-rc.2 <0.1.2 || >=0.1.2-alpha.1 <=0.1.2-rc.1 || >=0.1.5-alpha.1'
      '@deepseek-ai/dsh-client-ui-settings-general': '>=0.1.6-alpha.1'
      '@deepseek-ai/dsh-client-ui-settings-plugin-inventory': '>=0.1.6-alpha.1'
      '@deepseek-ai/dsh-client-ui-settings-plugins': '>=0.1.1-rc.2 <0.1.2 || >=0.1.2-alpha.1 <=0.1.2-rc.1 || >=0.1.5-alpha.1'
      '@deepseek-ai/dsh-client-ui-sidebar': '>=0.1.1-rc.2 <0.1.2 || >=0.1.2-alpha.1 <=0.1.2-rc.1 || >=0.1.5-alpha.1'
      '@deepseek-ai/dsh-client-ui-slots': '>=0.1.1-rc.2 <0.1.2 || >=0.1.2-alpha.1 <=0.1.2-rc.1 || >=0.1.5-alpha.1'
      '@deepseek-ai/dsh-settings': '>=0.1.1-rc.2 <0.1.2 || >=0.1.2-alpha.1 <=0.1.2-rc.1 || >=0.1.5-alpha.1'
      react: '>=18.2.0 <19'
    peerDependenciesMeta:
      '@deepseek-ai/dsh-client-connection':
        optional: true
      '@deepseek-ai/dsh-client-locale':
        optional: true
      '@deepseek-ai/dsh-client-ui-plugin-manager':
        optional: true
      '@deepseek-ai/dsh-client-ui-settings':
        optional: true
      '@deepseek-ai/dsh-client-ui-settings-general':
        optional: true
      '@deepseek-ai/dsh-client-ui-settings-plugin-inventory':
        optional: true
      '@deepseek-ai/dsh-client-ui-settings-plugins':
        optional: true
      '@deepseek-ai/dsh-client-ui-sidebar':
        optional: true
      '@deepseek-ai/dsh-client-ui-slots':
        optional: true

  dsh-deja@0.21.3:
    resolution: {integrity: sha512-8+bGJPLDKKWB3ZbSsWV0za/AXkEDaG675W3x9mbHNDuQIt33a3dAtBI0EjcVc6sDG3uYXwmPL2YtWZ/bS70Gkw==}
    engines: {node: '>=18'}

  dsh-headroom@git+https://github.com/giter00/dsh-headroom.git#ca5de630fd9a4be1b0e0f900cc3260f52052019d:
    resolution: {commit: ca5de630fd9a4be1b0e0f900cc3260f52052019d, repo: https://github.com/giter00/dsh-headroom.git, type: git}
    version: 0.3.0
    engines: {node: '>=22.0.0'}
    peerDependencies:
      '@deepseek-ai/cordis': '>=4.0.1-rc.4 <4.1.0 || >=4.1.0-rc.1 <5.0.0-0'
      '@deepseek-ai/dsh-agent': '>=0.0.1-rc.5 <0.1.0 || >=0.1.0-rc.1 <0.2.0-0'
      '@deepseek-ai/dsh-llm': '>=0.0.1-rc.5 <0.1.0 || >=0.1.0-rc.1 <0.2.0-0'
      '@deepseek-ai/dsh-session': '>=0.0.1-rc.5 <0.1.0 || >=0.1.0-rc.1 <0.2.0-0'
      '@deepseek-ai/dsh-tools': '>=0.0.1-rc.5 <0.1.0 || >=0.1.0-rc.1 <0.2.0-0'

  dsh-mnemon-provider-byterover@0.5.5:
    resolution: {integrity: sha512-7JOmLOuL+fys+soebYmb6GYtvD9Xj4RL0xf1l8svUL2LKlNpTz68YikdJJBU+EUD292mGcxjX1VLbHGC/FDwiw==}
    engines: {node: '>=20'}
    peerDependencies:
      '@deepseek-ai/cordis': ^4.0.1
      dsh-mnemon-source-memory-spaces: ^0.5.1

  dsh-mnemon-provider-hindsight@0.5.5:
    resolution: {integrity: sha512-hciFKfBjr0+V8+7zCgcOmD7czpLjKGHC7bplnVTnGke3ZZ79yeBgoEvCcaROP59Zq5A2lbpdgwMxd+obii+1tw==}
    engines: {node: '>=20'}
    peerDependencies:
      '@deepseek-ai/cordis': ^4.0.1
      dsh-mnemon-source-memory-spaces: ^0.5.1

  dsh-mnemon-provider-holographic@0.5.5:
    resolution: {integrity: sha512-yWNQFRC6o3/yriG8vK7PbTUx0F+cYH7kC1K9jUXNcIvV5m8wVsz2GCYpwM9tgCEieGf9wMUw2vkjiW5WNvXDdA==}
    engines: {node: '>=20'}
    peerDependencies:
      '@deepseek-ai/cordis': ^4.0.1
      dsh-mnemon-source-memory-spaces: ^0.5.1

  dsh-mnemon-provider-honcho@0.5.5:
    resolution: {integrity: sha512-TKtpODsQ6MeLZ1zCgca37s656u9q89M1SimTqSvT6/GCRiqi9A0mAbqAj1uzAMcbTuHOYAr3hFSAQYo55TbcXQ==}
    engines: {node: '>=20'}
    peerDependencies:
      '@deepseek-ai/cordis': ^4.0.1
      dsh-mnemon-source-memory-spaces: ^0.5.1

  dsh-mnemon-provider-mem0@0.5.5:
    resolution: {integrity: sha512-rxCSNx/TTMeaj7BjneMYtQOUjzNFiYB/7rFPZitBzQGdJmzVrm1KVDPZplXvHZaZ2XdQ86yfT1R+Le7NLjvrsQ==}
    engines: {node: '>=20'}
    peerDependencies:
      '@deepseek-ai/cordis': ^4.0.1
      dsh-mnemon-source-memory-spaces: ^0.5.1

  dsh-mnemon-provider-mnemon-native@0.5.7:
    resolution: {integrity: sha512-lHy+2hlCbYfeMVkAM4h/Nsh7Awi2tUm1X05FQbh05+lEGLDvaT4pt60LdqDu2RtJkGnYp2LE6yYgM4hwbxSAVA==}
    engines: {node: '>=20'}
    peerDependencies:
      '@deepseek-ai/cordis': ^4.0.1
      dsh-mnemon-source-memory-spaces: ^0.5.1

  dsh-mnemon-provider-openviking@0.5.7:
    resolution: {integrity: sha512-NiSo852WTAUy0irmZ0ZEpcTE8MpAzkZtZqG1VcVChAlvzkFrM84dVPmvNgZhyDPK7MJt0RShf7IJ/H4t2xpSjA==}
    engines: {node: '>=20'}
    peerDependencies:
      '@deepseek-ai/cordis': ^4.0.1
      dsh-mnemon-source-memory-spaces: ^0.5.1

  dsh-mnemon-provider-retaindb@0.5.5:
    resolution: {integrity: sha512-z7+YYK7KYMXFXP9/MLiWyZ7gZ0AJqNcaYab5BONxx0mQ63Zwt8wHSBEb4xbA8PAFTVi2IdgKlcojM8dYzOxnPQ==}
    engines: {node: '>=20'}
    peerDependencies:
      '@deepseek-ai/cordis': ^4.0.1
      dsh-mnemon-source-memory-spaces: ^0.5.1

  dsh-mnemon-provider-supermemory@0.5.5:
    resolution: {integrity: sha512-IvBpeRV1Gl/gACasyQZ9UmdsJhEoO3frzi2+SrOBqDuMqfus4kgdcadBMFcZJzrtq65h30arIRcSIIB3ZZda+w==}
    engines: {node: '>=20'}
    peerDependencies:
      '@deepseek-ai/cordis': ^4.0.1
      dsh-mnemon-source-memory-spaces: ^0.5.1

  dsh-mnemon-source-documents@0.5.8:
    resolution: {integrity: sha512-WqM/AsNBHyN5/mQkDPCoIrNDVXNQqSnviD3zmvjv7I9DnXLMPpafws8ZsDd3603oMMFkGB6L0mwM4nxbgLujWA==}
    engines: {node: '>=20'}
    peerDependencies:
      '@deepseek-ai/cordis': ^4.0.1
      dsh-mnemon: ^0.5.19
      react: ^18.2.0
    peerDependenciesMeta:
      react:
        optional: true

  dsh-mnemon-source-memory-spaces@0.5.13:
    resolution: {integrity: sha512-SugkeLRFXy1Npe5kFnpVgKR4Ry0wIIEWjG/L2/4R6P69S8Y3f3L7+CCFyZOe/yx0EtTVtvcMNdqaadBvWWUCHw==}
    engines: {node: '>=20'}
    peerDependencies:
      '@deepseek-ai/cordis': ^4.0.1
      '@deepseek-ai/dsh-client-ui-primitives': ^0.1.7-rc.2 || ^0.2.0-rc.1
      dsh-mnemon: ^0.5.19
      react: ^18.2.0
    peerDependenciesMeta:
      react:
        optional: true

  dsh-mnemon-source-runtime@0.5.11:
    resolution: {integrity: sha512-2DD3bDaoLX75JcZIp1elSU/gwkJPx5VGqYGJkMdGjqiRUSY1W5vthVauyu2vmYAYMO2+Grfvfea5niWnB8xkcg==}
    engines: {node: '>=20'}
    peerDependencies:
      '@deepseek-ai/cordis': ^4.0.1
      dsh-mnemon: ^0.5.19
      react: ^18.2.0
    peerDependenciesMeta:
      react:
        optional: true

  dsh-mnemon-strategy-auto-capture@0.5.5:
    resolution: {integrity: sha512-jSCjednHJmDatWavhhDly8dnoNuclImx2H0U0EB8OgMw00xXXL/nWOHQLxKabOJnEykaDdl2EX7rTBX5xTuOJw==}
    engines: {node: '>=20'}
    peerDependencies:
      '@deepseek-ai/cordis': ^4.0.1
      dsh-mnemon: ^0.5.17

  dsh-mnemon-strategy-default-three-tier@0.5.7:
    resolution: {integrity: sha512-IEpVBKOgIBBJ66HRWo71PG8/ti6IL94g4UucvxIaWNvd6zFHQCja+jIq9vXohSIwAj/XI3YaYzeTMR4qNU8urQ==}
    engines: {node: '>=20'}
    peerDependencies:
      '@deepseek-ai/cordis': ^4.0.1
      dsh-mnemon: ^0.5.17

  dsh-mnemon-strategy-general@0.5.1:
    resolution: {integrity: sha512-UzJWKRPyMwVCcVKYuWI5DjDjGvq3cBA24xl2zGhSvAXY32E8KiiYVleAvle4XIhmAfRbjCcZNCFpQGKZTXuz7g==}
    engines: {node: '>=20'}
    peerDependencies:
      '@deepseek-ai/cordis': ^4.0.1
      dsh-mnemon: ^0.5.17

  dsh-mnemon-strategy-light-context@0.5.5:
    resolution: {integrity: sha512-+d63UryG+ltifkBXpzhd3B+zJ7tNKBG+Au4vWfNhT9Qg7RVkKd/ZG9tdP9FpGpCZSqW4h3Ujl0grUbuztnIMyA==}
    engines: {node: '>=20'}
    peerDependencies:
      '@deepseek-ai/cordis': ^4.0.1
      dsh-mnemon: ^0.5.17

  dsh-mnemon-strategy-scoped@0.5.5:
    resolution: {integrity: sha512-HyJRpv4s8DzE9GZm7FnKUhxtwjv0eD9xcsYt5zQUbX1pH0e7jtkqaeozPfPgp0DHvjmv2nOaKOxDLzaw3B01qg==}
    engines: {node: '>=20'}
    peerDependencies:
      '@deepseek-ai/cordis': ^4.0.1
      dsh-mnemon: ^0.5.17

  dsh-mnemon@0.5.20:
    resolution: {integrity: sha512-sJOVMdklsmX9IZlSosRGOe2GA20LB1k4ApBHQouIyng0531t4cEOxvWUdluftI6EDFA/+zifw+w9PreWHj3sIg==}
    engines: {node: '>=20'}
    hasBin: true
    peerDependencies:
      '@deepseek-ai/cordis': ^4.0.4
      '@deepseek-ai/dsh-app-boot': ^0.1.7-rc.2 || ^0.2.0-rc.1
      '@deepseek-ai/dsh-client-ui-primitives': ^0.1.7-rc.2 || ^0.2.0-rc.1
      '@deepseek-ai/dsh-typert-protocol': ^0.1.7-rc.2 || ^0.2.0-rc.1
      react: ^18.2.0
      react-dom: ^18.2.0
    peerDependenciesMeta:
      '@deepseek-ai/dsh-app-boot':
        optional: true

  dshmarket@1.66.6:
    resolution: {integrity: sha512-J7bqwzJAEcGfqN+zD0l82gy3MCf2IOLku9TqfyBD6P8fQgTOg6EzppZIERjTb+JExagxGHIqT6z+XaWPLBbluQ==}
    peerDependencies:
      '@deepseek-ai/cordis': ^4.0.1
      '@deepseek-ai/dsh-settings': ^0.1.0-rc.7 || ^0.1.1-rc.2 || ^0.1.2-alpha.2 || ^0.2.0-rc.1
      '@deepseek-ai/schemastery': ^3.18.1
    peerDependenciesMeta:
      '@deepseek-ai/dsh-settings':
        optional: true
      '@deepseek-ai/schemastery':
        optional: true

  emoji-regex@8.0.0:
    resolution: {integrity: sha512-MSjYzcWNOA0ewAHpz0MxpYFvwg6yjy1NG3xteoqz644VCo/RPgnr1/GGt+ic3iJTzQ8Eu3TdM14SawnVUmGE6A==}

  fflate@0.8.3:
    resolution: {integrity: sha512-tbZNuJrLwGUp3zshBtdy4W+ORxZuIh8a5ilyIEQDC5rY1f3U20JMry0Ll3WBzU58EZKsEuJFXhb5gwv8CsPvgA==}

  find-up@4.1.0:
    resolution: {integrity: sha512-PpOwAdQ/YlXQ2vj8a3h8IipDuYRi3wceVQQGYWxNINccq40Anw7BlsEXCMbt1Zt+OLA6Fq9suIpIWD0OsnISlw==}
    engines: {node: '>=8'}

  generate-function@2.3.1:
    resolution: {integrity: sha512-eeB5GfMNeevm/GRYq20ShmsaGcmI81kIX2K9XQx5miC8KdHaC6Jm0qQ8ZNeGOi7wYB8OsdxKs+Y2oVuTFuVwKQ==}

  get-caller-file@2.0.5:
    resolution: {integrity: sha512-DyFP3BM/3YHTQOCUL/w0OZHR0lpKeGrxotcHWcqNEdnltqFwXVfhEBQ94eIo34AfQpo0rGki4cyIiftY06h2Fg==}
    engines: {node: 6.* || 8.* || >= 10.*}

  ieee754@1.2.1:
    resolution: {integrity: sha512-dcyqhDvX1C46lXZcVqCpK+FtMRQVdIMN6/Df5js2zouUsqG7I6sFxitIC+7KYK29KdXOLHdu9zL4sFnoVQnqaA==}

  is-fullwidth-code-point@3.0.0:
    resolution: {integrity: sha512-zymm5+u+sCsSWyD9qNaejV3DFvhCKclKdizYaJUuHA83RLjb7nSuGnddCHGv0hk+KY7BMAlsWeK4Ueg6EV6XQg==}
    engines: {node: '>=8'}

  is-plain-object@2.0.3:
    resolution: {integrity: sha512-4QumWYGOyh/PBXAjqTavDrW61AXQMo9MddhHneiqHZkeql0uKV6ytfEPQuZFNf/hoaRi8ooNYFvQBC5tI3i8xA==}
    engines: {node: '>=0.10.0'}

  is-property@1.0.2:
    resolution: {integrity: sha512-Ks/IoX00TtClbGQr4TWXemAnktAQvYB7HzcCxDGqEZU6oCmb2INHuOoKxbtR+HFkmYWBKv/dOZtGRiAjDhj92g==}

  isobject@3.0.0:
    resolution: {integrity: sha512-BuneTXllap3BKS9/GCd+aGI+nAKc2kPAgOwOxWdQewUK5En5mrhZe0WfDkbXQBgB1tHAuzkYmuIgH2gn2vOsHA==}
    engines: {node: '>=0.10.0'}

  js-yaml@4.3.2:
    resolution: {integrity: sha512-SFNOvSJ+Dgf/9An904Yx+CgSlIPCkIpao4qo51lpee25TIRejdH3rhR4EZMGoNx3/TP3O+wzWuiTFl4sqbltzA==}
    hasBin: true

  locate-path@5.0.0:
    resolution: {integrity: sha512-t7hw9pI+WvuwNJXwk5zVHpyhIqzg2qTlklJOf0mVxGSbe3Fp2VieZcduNYjaLDoy6p9uGpQEGWG87WpMKlNq8g==}
    engines: {node: '>=8'}

  markdown-to-jsx@7.7.0:
    resolution: {integrity: sha512-130nIMbJY+woOQJ11xTqEtYko60t6EpNkZuqjKMferL3udtob3nRfzXOdsiA26NPemiR7w/hR8M3/B9yiYPGZg==}
    engines: {node: '>= 10'}
    peerDependencies:
      react: '>= 0.14.0'

  mediabunny@1.60.0:
    resolution: {integrity: sha512-CRQ/2D+qUF9w2IyjbjTxxSLEG+PeWeD4whb43UpUBpeNomWb/ffn+ngKgqJSPZ+bmO66MX2yBJQITZ6ijfRjug==}

  ms@2.1.3:
    resolution: {integrity: sha512-6FlzubTLZG3J2a/NVCAleEhjzq5oxgHyaCU9yYXvcLsvoVaHJq/s5xXI6/XXP6tz7R9xAOtHnSO/tXtF3WRTlA==}

  multicast-dns@7.2.5:
    resolution: {integrity: sha512-2eznPJP8z2BFLX50tf0LuODrpINqP1RVIm/CObbTcBRITQgmC/TjcREF1NeTBzIcR5XO/ukWo+YHOjBbFwIupg==}
    hasBin: true

  p-limit@2.2.0:
    resolution: {integrity: sha512-pZbTJpoUsCzV48Mc9Nh51VbwO0X9cuPFE8gYwx9BTCt9SF8/b7Zljd2fVgOxhIF/HDTKgpVzs+GPhyKfjLLFRQ==}
    engines: {node: '>=6'}

  p-locate@4.1.0:
    resolution: {integrity: sha512-R79ZZ/0wAxKGu3oYMlz8jy/kbhsNrS7SKZ7PxEHBgJ5+F2mtFW2fK2cOtBh1cHYkQsbzFV7I+EoRKe6Yt0oK7A==}
    engines: {node: '>=8'}

  p-try@2.2.0:
    resolution: {integrity: sha512-R4nPAVTAU0B9D35/Gk3uJf/7XYbQcyohSKdvAxIRSNghFl4e71hVoGnBNQz9cWaXxO2I10KTC+3jMdvvoKw6dQ==}
    engines: {node: '>=6'}

  path-exists@4.0.0:
    resolution: {integrity: sha512-ak9Qy5Q7jYb2Wwcey5Fpvg2KoAc/ZIhLSLOSBmRmygPsGwkVVt0fZa0qrtMz+m6tJTAHfZQ8FnmB4MG4LWy7/w==}
    engines: {node: '>=8'}

  pngjs@5.0.0:
    resolution: {integrity: sha512-40QW5YalBNfQo5yRYmiw7Yz6TKKVr3h6970B2YE+3fQpsWcrbj1PzJgxeJ19DRQjhMbKPIuMY8rFaXc8moolVw==}
    engines: {node: '>=10.13.0'}

  pvtsutils@1.3.6:
    resolution: {integrity: sha512-PLgQXQ6H2FWCaeRak8vvk1GW462lMxB5s3Jm673N82zI4vqtVUPuZdffdZbPDFRoU8kAhItWFtPCWiPpp4/EDg==}

  pvutils@1.2.0:
    resolution: {integrity: sha512-BbubeCEyTuQjVMakvJQ/Sxbc93F2pwmbsxONT/ZRrwU7Ua38d8unYTwXpTVLAKJ4BDuH9IGztCjQcd/N/39Dvg==}
    engines: {node: '>=16.0.0'}

  qrcode-terminal@0.12.0:
    resolution: {integrity: sha512-EXtzRZmC+YGmGlDFbXKxQiMZNwCLEO6BANKXG4iCtSIM0yqc/pappSx3RIKr4r0uh5JsBckOXeKrB3Iz7mdQpQ==}
    hasBin: true

  qrcode@1.5.4:
    resolution: {integrity: sha512-1ca71Zgiu6ORjHqFBDpnSMTR2ReToX4l1Au1VFLyVeBTFavzQnv5JxMFr3ukHVKpSrSA2MCk0lNJSykjUfz7Zg==}
    engines: {node: '>=10.13.0'}
    hasBin: true

  reflect-metadata@0.2.2:
    resolution: {integrity: sha512-urBwgfrvVP/eAyXx4hluJivBKzuEbSQs9rKWCrCkbSxNv8mxPcUZKeuoF3Uy4mJl3Lwprp6yy5/39VWigZ4K6Q==}

  require-directory@2.1.1:
    resolution: {integrity: sha512-fGxEI7+wsG9xrvdjsrlmL22OMTTiHRwAMroiEeMgq8gzoLC/PQr7RsRDSTLUg/bZAZtF+TVIkHc6/4RIKrui+Q==}
    engines: {node: '>=0.10.0'}

  require-main-filename@2.0.0:
    resolution: {integrity: sha512-NKN5kMDylKuldxYLSUfrbo5Tuzh4hd+2E8NPPX02mZtn1VuREQToYe/ZdlJy+J3uCpfaiGF05e7B8W0iXbQHmg==}

  set-blocking@2.0.0:
    resolution: {integrity: sha512-KiKBS8AnWGEyLzofFfmvKwpdPzqiy16LvQfK3yv/fVH7Bj13/wl3JSR1J+rfgRE9q7xUJK4qvgS8raSOeLUehw==}

  string-width@4.2.0:
    resolution: {integrity: sha512-zUz5JD+tgqtuDjMhwIg5uFVV3dtqZ9yQJlZVfq4I01/K5Paj5UHj7VyrQOJvzawSVlKpObApbfD0Ed6yJc+1eg==}
    engines: {node: '>=8'}

  strip-ansi@6.0.0:
    resolution: {integrity: sha512-AuvKTrTfQNYNIctbR1K/YGTR1756GycPsg7b9bdV9Duqur4gv6aKqHXah67Z8ImS7WEz5QVcOtlfW2rZEugt6w==}
    engines: {node: '>=8'}

  thunky@1.1.0:
    resolution: {integrity: sha512-eHY7nBftgThBqOyHGVN+l8gF0BucP09fMo0oO/Lb0w1OF80dJv+lDVpXG60WMQvkcxAkNybKsrEIE3ZtKGmPrA==}

  tslib@1.14.1:
    resolution: {integrity: sha512-Xni35NKzjgMrwevysHTCArtLDpPvye8zV/0E4EyYn43P7/7qvQwPh9BGkHewbMulVntbigmcT7rdX3BNo9wRJg==}

  tslib@2.8.1:
    resolution: {integrity: sha512-oJFu94HQb+KVduSUQL7wnpmqnfmLsOA/nAh6b6EH0wCEoK0/mPeXU6c3wKDV83MkOuHPRHtSXKKU99IBazS/2w==}

  tsyringe@4.10.0:
    resolution: {integrity: sha512-axr3IdNuVIxnaK5XGEUFTu3YmAQ6lllgrvqfEoR16g/HGnYY/6We4oWENtAnzK6/LpJ2ur9PAb80RBt7/U4ugw==}
    engines: {node: '>= 6.0.0'}

  tweetnacl@1.0.3:
    resolution: {integrity: sha512-6rt+RN7aOi1nGMyC4Xa5DdYiukl2UWCbcJft7YhxReBGQD7OAM8Pbxw6YMo4r2diNEA8FEmu32YOn9rhaiE5yw==}

  undici@7.30.0:
    resolution: {integrity: sha512-dkrQXeHSaoamnItlYbmzG0wFYrM0ZwDxCIg0A7aKjTyyhh9svRzCNFEzV+Vm05/yehjCzjDZ31KXfGEjYSztDQ==}
    engines: {node: '>=20.18.1'}

  webidl-conversions@7.0.0:
    resolution: {integrity: sha512-VwddBukDzu71offAQR975unBIGqfKZpM+8ZX6ySk8nYhVoo5CYaZyzt3YBvYtRtO+aoGlqxPg/B87NGVZ/fu6g==}
    engines: {node: '>=12'}

  werift@0.24.4:
    resolution: {integrity: sha512-NoROZ11L/ZqAB5ombCB4VBuVNdIZfwI493zlxlIX7BlwfWRy55eDJdtWMC2VX35yBXFaWwA8NtYbmJ8qWtVk9Q==}
    engines: {node: '>=16'}

  which-module@2.0.1:
    resolution: {integrity: sha512-iBdZ57RDvnOR9AGBhML2vFZf7h8vmBjhoaZqODJBFWHVtKkDmKuHai3cx5PgVMrX5YDNp27AofYbAwctSS+vhQ==}

  wrap-ansi@6.2.0:
    resolution: {integrity: sha512-r6lPcBGxZXlIcymEu7InxDMhdW0KDxpLgoFLcguasxCaJ/SOIZwINatK9KY/tf+ZrlywOKU0UDj3ATXUBfxJXA==}
    engines: {node: '>=8'}

  ws@8.22.0:
    resolution: {integrity: sha512-Ydggc987+RO0AnWtZ/7Wq9FtNvcrL1b/RO0ud9mWjUPgDrsAAwQSF51sm2hm1XofbU/4jkpGEsLFsZZxU+1DOg==}
    engines: {node: '>=10.0.0'}
    peerDependencies:
      bufferutil: ^4.0.1
      utf-8-validate: '>=5.0.2'
    peerDependenciesMeta:
      bufferutil:
        optional: true
      utf-8-validate:
        optional: true

  y18n@4.0.3:
    resolution: {integrity: sha512-JKhqTOwSrqNA1NY5lSztJ1GrBiUodLMmIZuLiDaMRJ+itFd+ABVE8XBjOvIWL+rSqNDC74LCSFmlb/U4UZ4hJQ==}

  yaml@2.9.1:
    resolution: {integrity: sha512-3NxN8+78OdzbT7C/WjGsyfPAtJaN3FNDsWxv7Y7mcDsT/oOmgW8BpyQQFFBnvZE3j9Y2Sdz1ULFLezL7Eb2yFw==}
    engines: {node: '>= 14.6'}
    hasBin: true

  yargs-parser@18.1.3:
    resolution: {integrity: sha512-o50j0JeToy/4K6OZcaQmW6lyXXKhq7csREXcDwk2omFPJEwUNOVtJKvmDr9EI1fAJZUyZcRF7kxGBWmRXudrCQ==}
    engines: {node: '>=6'}

  yargs@15.3.1:
    resolution: {integrity: sha512-92O1HWEjw27sBfgmXiixJWT5hRBp2eobqXicLtPBIDBhYB+1HpwZlXmbW2luivBJHBzki+7VyCLRtAkScbTBQA==}
    engines: {node: '>=8'}

  zod@3.24.1:
    resolution: {integrity: sha512-muH7gBL9sI1nciMZV67X5fTKKBLtwpZ5VBp1vsOQzj1MhrBZ4wlVCm3gedKZWLp0Oyel8sIGfeiz54Su+OVT+A==}

  zod@4.6.5:
    resolution: {integrity: sha512-v5l/aFXZQeai4awLbOpSoHecE9UiMrnfx75tEXLjNonXVARxQ5mOeipTjROUchszUNCqnE+hqAMujRsRHsut2Q==}

snapshots:

  '@deepseek-ai/cosmokit@1.8.5': {}

  '@deepseek-ai/schemastery@3.18.4':
    dependencies:
      '@deepseek-ai/cosmokit': 1.8.5
      '@standard-schema/spec': 1.1.0

  '@fidm/asn1@1.0.4': {}

  '@fidm/x509@1.2.1':
    dependencies:
      '@fidm/asn1': 1.0.4
      tweetnacl: 1.0.3

  '@lanbaolu/dsh-wechat-bridge@0.9.1(@deepseek-ai/schemastery@3.18.4)':
    dependencies:
      '@deepseek-ai/schemastery': 3.18.4
      qrcode: 1.5.4
      qrcode-terminal: 0.12.0

  '@leichtgewicht/ip-codec@2.0.5': {}

  '@local/dsh-plugin-goat-panel@file:D:/Toolbox/goat-gateway/dsh-plugin-goat-panel': {}

  '@mingozhou/dsh-replay@0.4.1': {}

  '@noble/curves@1.8.1':
    dependencies:
      '@noble/hashes': 1.7.1

  '@noble/hashes@1.7.1': {}

  '@peculiar/asn1-cms@2.9.5':
    dependencies:
      '@peculiar/asn1-schema': 2.9.5
      '@peculiar/asn1-x509': 2.9.5
      '@peculiar/asn1-x509-attr': 2.9.5
      asn1js: 3.0.10
      tslib: 2.8.1

  '@peculiar/asn1-csr@2.9.5':
    dependencies:
      '@peculiar/asn1-schema': 2.9.5
      '@peculiar/asn1-x509': 2.9.5
      asn1js: 3.0.10
      tslib: 2.8.1

  '@peculiar/asn1-ecc@2.9.5':
    dependencies:
      '@peculiar/asn1-schema': 2.9.5
      '@peculiar/asn1-x509': 2.9.5
      asn1js: 3.0.10
      tslib: 2.8.1

  '@peculiar/asn1-pfx@2.9.5':
    dependencies:
      '@peculiar/asn1-cms': 2.9.5
      '@peculiar/asn1-pkcs8': 2.9.5
      '@peculiar/asn1-rsa': 2.9.5
      '@peculiar/asn1-schema': 2.9.5
      asn1js: 3.0.10
      tslib: 2.8.1

  '@peculiar/asn1-pkcs8@2.9.5':
    dependencies:
      '@peculiar/asn1-schema': 2.9.5
      '@peculiar/asn1-x509': 2.9.5
      asn1js: 3.0.10
      tslib: 2.8.1

  '@peculiar/asn1-pkcs9@2.9.5':
    dependencies:
      '@peculiar/asn1-cms': 2.9.5
      '@peculiar/asn1-pfx': 2.9.5
      '@peculiar/asn1-pkcs8': 2.9.5
      '@peculiar/asn1-schema': 2.9.5
      '@peculiar/asn1-x509': 2.9.5
      '@peculiar/asn1-x509-attr': 2.9.5
      asn1js: 3.0.10
      tslib: 2.8.1

  '@peculiar/asn1-rsa@2.9.5':
    dependencies:
      '@peculiar/asn1-schema': 2.9.5
      '@peculiar/asn1-x509': 2.9.5
      asn1js: 3.0.10
      tslib: 2.8.1

  '@peculiar/asn1-schema@2.9.5':
    dependencies:
      '@peculiar/utils': 2.0.3
      asn1js: 3.0.10
      tslib: 2.8.1

  '@peculiar/asn1-x509-attr@2.9.5':
    dependencies:
      '@peculiar/asn1-schema': 2.9.5
      '@peculiar/asn1-x509': 2.9.5
      asn1js: 3.0.10
      tslib: 2.8.1

  '@peculiar/asn1-x509@2.9.5':
    dependencies:
      '@peculiar/asn1-schema': 2.9.5
      '@peculiar/utils': 2.0.3
      asn1js: 3.0.10
      tslib: 2.8.1

  '@peculiar/utils@2.0.3':
    dependencies:
      tslib: 2.8.1

  '@peculiar/x509@1.14.3':
    dependencies:
      '@peculiar/asn1-cms': 2.9.5
      '@peculiar/asn1-csr': 2.9.5
      '@peculiar/asn1-ecc': 2.9.5
      '@peculiar/asn1-pkcs9': 2.9.5
      '@peculiar/asn1-rsa': 2.9.5
      '@peculiar/asn1-schema': 2.9.5
      '@peculiar/asn1-x509': 2.9.5
      pvtsutils: 1.3.6
      reflect-metadata: 0.2.2
      tslib: 2.8.1
      tsyringe: 4.10.0

  '@roamhq/wrtc-darwin-arm64@0.10.0':
    optional: true

  '@roamhq/wrtc-darwin-x64@0.10.0':
    optional: true

  '@roamhq/wrtc-linux-arm64@0.10.0':
    optional: true

  '@roamhq/wrtc-linux-x64@0.10.0':
    optional: true

  '@roamhq/wrtc-win32-x64@0.10.0':
    optional: true

  '@roamhq/wrtc@0.10.0':
    optionalDependencies:
      '@roamhq/wrtc-darwin-arm64': 0.10.0
      '@roamhq/wrtc-darwin-x64': 0.10.0
      '@roamhq/wrtc-linux-arm64': 0.10.0
      '@roamhq/wrtc-linux-x64': 0.10.0
      '@roamhq/wrtc-win32-x64': 0.10.0
      domexception: 4.0.0
    optional: true

  '@shinyoshiaki/binary-data@0.6.1':
    dependencies:
      generate-function: 2.3.1
      is-plain-object: 2.0.3

  '@standard-schema/spec@1.1.0': {}

  '@types/dom-mediacapture-transform@0.1.12':
    dependencies:
      '@types/dom-webcodecs': 0.1.19

  '@types/dom-webcodecs@0.1.13': {}

  '@types/dom-webcodecs@0.1.19': {}

  '@vshulcz/deja-vu-darwin-amd64@0.21.3':
    optional: true

  '@vshulcz/deja-vu-darwin-arm64@0.21.3':
    optional: true

  '@vshulcz/deja-vu-linux-amd64@0.21.3':
    optional: true

  '@vshulcz/deja-vu-linux-arm64@0.21.3':
    optional: true

  '@vshulcz/deja-vu-windows-amd64@0.21.3':
    optional: true

  '@vshulcz/deja-vu-windows-arm64@0.21.3':
    optional: true

  '@vshulcz/deja-vu@0.21.3':
    optionalDependencies:
      '@vshulcz/deja-vu-darwin-amd64': 0.21.3
      '@vshulcz/deja-vu-darwin-arm64': 0.21.3
      '@vshulcz/deja-vu-linux-amd64': 0.21.3
      '@vshulcz/deja-vu-linux-arm64': 0.21.3
      '@vshulcz/deja-vu-windows-amd64': 0.21.3
      '@vshulcz/deja-vu-windows-arm64': 0.21.3

  ansi-regex@5.0.0: {}

  ansi-styles@4.0.0:
    dependencies:
      color-convert: 2.0.1

  argparse@2.0.1: {}

  asn1js@3.0.10:
    dependencies:
      pvtsutils: 1.3.6
      pvutils: 1.2.0
      tslib: 2.8.1

  base64-js@1.5.1: {}

  buffer@6.0.3:
    dependencies:
      base64-js: 1.5.1
      ieee754: 1.2.1

  camelcase@5.3.1: {}

  cliui@6.0.0:
    dependencies:
      string-width: 4.2.0
      strip-ansi: 6.0.0
      wrap-ansi: 6.2.0

  color-convert@2.0.1:
    dependencies:
      color-name: 1.1.4

  color-name@1.1.4: {}

  debug@4.4.0:
    dependencies:
      ms: 2.1.3

  decamelize@1.2.0: {}

  dijkstrajs@1.0.3: {}

  dns-packet@5.6.1:
    dependencies:
      '@leichtgewicht/ip-codec': 2.0.5

  domexception@4.0.0:
    dependencies:
      webidl-conversions: 7.0.0
    optional: true

  ds-harness-remote@0.4.20:
    dependencies:
      '@deepseek-ai/schemastery': 3.18.4
      qrcode: 1.5.4
      werift: 0.24.4
      ws: 8.22.0
      zod: 3.24.1
    optionalDependencies:
      '@roamhq/wrtc': 0.10.0
    transitivePeerDependencies:
      - bufferutil
      - supports-color
      - utf-8-validate

  dsh-deja@0.21.3:
    dependencies:
      '@vshulcz/deja-vu': 0.21.3

  dsh-headroom@git+https://github.com/giter00/dsh-headroom.git#ca5de630fd9a4be1b0e0f900cc3260f52052019d: {}

  dsh-mnemon-provider-byterover@0.5.5(dsh-mnemon-source-memory-spaces@0.5.13(dsh-mnemon@0.5.20)):
    dependencies:
      dsh-mnemon-source-memory-spaces: 0.5.13(dsh-mnemon@0.5.20)

  dsh-mnemon-provider-hindsight@0.5.5(dsh-mnemon-source-memory-spaces@0.5.13(dsh-mnemon@0.5.20)):
    dependencies:
      dsh-mnemon-source-memory-spaces: 0.5.13(dsh-mnemon@0.5.20)

  dsh-mnemon-provider-holographic@0.5.5(dsh-mnemon-source-memory-spaces@0.5.13(dsh-mnemon@0.5.20)):
    dependencies:
      dsh-mnemon-source-memory-spaces: 0.5.13(dsh-mnemon@0.5.20)

  dsh-mnemon-provider-honcho@0.5.5(dsh-mnemon-source-memory-spaces@0.5.13(dsh-mnemon@0.5.20)):
    dependencies:
      dsh-mnemon-source-memory-spaces: 0.5.13(dsh-mnemon@0.5.20)

  dsh-mnemon-provider-mem0@0.5.5(dsh-mnemon-source-memory-spaces@0.5.13(dsh-mnemon@0.5.20)):
    dependencies:
      dsh-mnemon-source-memory-spaces: 0.5.13(dsh-mnemon@0.5.20)

  dsh-mnemon-provider-mnemon-native@0.5.7(dsh-mnemon-source-memory-spaces@0.5.13(dsh-mnemon@0.5.20)):
    dependencies:
      dsh-mnemon-source-memory-spaces: 0.5.13(dsh-mnemon@0.5.20)

  dsh-mnemon-provider-openviking@0.5.7(dsh-mnemon-source-memory-spaces@0.5.13(dsh-mnemon@0.5.20)):
    dependencies:
      dsh-mnemon-source-memory-spaces: 0.5.13(dsh-mnemon@0.5.20)

  dsh-mnemon-provider-retaindb@0.5.5(dsh-mnemon-source-memory-spaces@0.5.13(dsh-mnemon@0.5.20)):
    dependencies:
      dsh-mnemon-source-memory-spaces: 0.5.13(dsh-mnemon@0.5.20)

  dsh-mnemon-provider-supermemory@0.5.5(dsh-mnemon-source-memory-spaces@0.5.13(dsh-mnemon@0.5.20)):
    dependencies:
      dsh-mnemon-source-memory-spaces: 0.5.13(dsh-mnemon@0.5.20)

  dsh-mnemon-source-documents@0.5.8(dsh-mnemon@0.5.20):
    dependencies:
      '@deepseek-ai/schemastery': 3.18.4
      dsh-mnemon: 0.5.20
      markdown-to-jsx: 7.7.0

  dsh-mnemon-source-memory-spaces@0.5.13(dsh-mnemon@0.5.20):
    dependencies:
      '@deepseek-ai/schemastery': 3.18.4
      dsh-mnemon: 0.5.20

  dsh-mnemon-source-runtime@0.5.11(dsh-mnemon@0.5.20):
    dependencies:
      '@deepseek-ai/schemastery': 3.18.4
      dsh-mnemon: 0.5.20

  dsh-mnemon-strategy-auto-capture@0.5.5(dsh-mnemon@0.5.20):
    dependencies:
      dsh-mnemon: 0.5.20

  dsh-mnemon-strategy-default-three-tier@0.5.7(dsh-mnemon@0.5.20):
    dependencies:
      dsh-mnemon: 0.5.20

  dsh-mnemon-strategy-general@0.5.1(dsh-mnemon@0.5.20):
    dependencies:
      dsh-mnemon: 0.5.20

  dsh-mnemon-strategy-light-context@0.5.5(dsh-mnemon@0.5.20):
    dependencies:
      dsh-mnemon: 0.5.20

  dsh-mnemon-strategy-scoped@0.5.5(dsh-mnemon@0.5.20):
    dependencies:
      dsh-mnemon: 0.5.20

  dsh-mnemon@0.5.20:
    dependencies:
      '@deepseek-ai/cosmokit': 1.8.5
      '@deepseek-ai/schemastery': 3.18.4
      dsh-mnemon-provider-byterover: 0.5.5(dsh-mnemon-source-memory-spaces@0.5.13(dsh-mnemon@0.5.20))
      dsh-mnemon-provider-hindsight: 0.5.5(dsh-mnemon-source-memory-spaces@0.5.13(dsh-mnemon@0.5.20))
      dsh-mnemon-provider-holographic: 0.5.5(dsh-mnemon-source-memory-spaces@0.5.13(dsh-mnemon@0.5.20))
      dsh-mnemon-provider-honcho: 0.5.5(dsh-mnemon-source-memory-spaces@0.5.13(dsh-mnemon@0.5.20))
      dsh-mnemon-provider-mem0: 0.5.5(dsh-mnemon-source-memory-spaces@0.5.13(dsh-mnemon@0.5.20))
      dsh-mnemon-provider-mnemon-native: 0.5.7(dsh-mnemon-source-memory-spaces@0.5.13(dsh-mnemon@0.5.20))
      dsh-mnemon-provider-openviking: 0.5.7(dsh-mnemon-source-memory-spaces@0.5.13(dsh-mnemon@0.5.20))
      dsh-mnemon-provider-retaindb: 0.5.5(dsh-mnemon-source-memory-spaces@0.5.13(dsh-mnemon@0.5.20))
      dsh-mnemon-provider-supermemory: 0.5.5(dsh-mnemon-source-memory-spaces@0.5.13(dsh-mnemon@0.5.20))
      dsh-mnemon-source-documents: 0.5.8(dsh-mnemon@0.5.20)
      dsh-mnemon-source-memory-spaces: 0.5.13(dsh-mnemon@0.5.20)
      dsh-mnemon-source-runtime: 0.5.11(dsh-mnemon@0.5.20)
      dsh-mnemon-strategy-auto-capture: 0.5.5(dsh-mnemon@0.5.20)
      dsh-mnemon-strategy-default-three-tier: 0.5.7(dsh-mnemon@0.5.20)
      dsh-mnemon-strategy-general: 0.5.1(dsh-mnemon@0.5.20)
      dsh-mnemon-strategy-light-context: 0.5.5(dsh-mnemon@0.5.20)
      dsh-mnemon-strategy-scoped: 0.5.5(dsh-mnemon@0.5.20)
      fflate: 0.8.3
      yaml: 2.9.1
      zod: 4.6.5

  dshmarket@1.66.6(@deepseek-ai/schemastery@3.18.4):
    dependencies:
      js-yaml: 4.3.2
      undici: 7.30.0
    optionalDependencies:
      '@deepseek-ai/schemastery': 3.18.4

  emoji-regex@8.0.0: {}

  fflate@0.8.3: {}

  find-up@4.1.0:
    dependencies:
      locate-path: 5.0.0
      path-exists: 4.0.0

  generate-function@2.3.1:
    dependencies:
      is-property: 1.0.2

  get-caller-file@2.0.5: {}

  ieee754@1.2.1: {}

  is-fullwidth-code-point@3.0.0: {}

  is-plain-object@2.0.3:
    dependencies:
      isobject: 3.0.0

  is-property@1.0.2: {}

  isobject@3.0.0: {}

  js-yaml@4.3.2:
    dependencies:
      argparse: 2.0.1

  locate-path@5.0.0:
    dependencies:
      p-locate: 4.1.0

  markdown-to-jsx@7.7.0: {}

  mediabunny@1.60.0:
    dependencies:
      '@types/dom-mediacapture-transform': 0.1.12
      '@types/dom-webcodecs': 0.1.13

  ms@2.1.3: {}

  multicast-dns@7.2.5:
    dependencies:
      dns-packet: 5.6.1
      thunky: 1.1.0

  p-limit@2.2.0:
    dependencies:
      p-try: 2.2.0

  p-locate@4.1.0:
    dependencies:
      p-limit: 2.2.0

  p-try@2.2.0: {}

  path-exists@4.0.0: {}

  pngjs@5.0.0: {}

  pvtsutils@1.3.6:
    dependencies:
      tslib: 2.8.1

  pvutils@1.2.0: {}

  qrcode-terminal@0.12.0: {}

  qrcode@1.5.4:
    dependencies:
      dijkstrajs: 1.0.3
      pngjs: 5.0.0
      yargs: 15.3.1

  reflect-metadata@0.2.2: {}

  require-directory@2.1.1: {}

  require-main-filename@2.0.0: {}

  set-blocking@2.0.0: {}

  string-width@4.2.0:
    dependencies:
      emoji-regex: 8.0.0
      is-fullwidth-code-point: 3.0.0
      strip-ansi: 6.0.0

  strip-ansi@6.0.0:
    dependencies:
      ansi-regex: 5.0.0

  thunky@1.1.0: {}

  tslib@1.14.1: {}

  tslib@2.8.1: {}

  tsyringe@4.10.0:
    dependencies:
      tslib: 1.14.1

  tweetnacl@1.0.3: {}

  undici@7.30.0: {}

  webidl-conversions@7.0.0:
    optional: true

  werift@0.24.4:
    dependencies:
      '@fidm/x509': 1.2.1
      '@noble/curves': 1.8.1
      '@peculiar/x509': 1.14.3
      '@shinyoshiaki/binary-data': 0.6.1
      buffer: 6.0.3
      debug: 4.4.0
      mediabunny: 1.60.0
      multicast-dns: 7.2.5
      tweetnacl: 1.0.3
    transitivePeerDependencies:
      - supports-color

  which-module@2.0.1: {}

  wrap-ansi@6.2.0:
    dependencies:
      ansi-styles: 4.0.0
      string-width: 4.2.0
      strip-ansi: 6.0.0

  ws@8.22.0: {}

  y18n@4.0.3: {}

  yaml@2.9.1: {}

  yargs-parser@18.1.3:
    dependencies:
      camelcase: 5.3.1
      decamelize: 1.2.0

  yargs@15.3.1:
    dependencies:
      cliui: 6.0.0
      decamelize: 1.2.0
      find-up: 4.1.0
      get-caller-file: 2.0.5
      require-directory: 2.1.1
      require-main-filename: 2.0.0
      set-blocking: 2.0.0
      string-width: 4.2.0
      which-module: 2.0.1
      y18n: 4.0.3
      yargs-parser: 18.1.3

  zod@3.24.1: {}

  zod@4.6.5: {}
